
Microsoft Visual Studio Solution File, Format Version 12.00
# Visual Studio Version 17
VisualStudioVersion = 17.4.33213.308
MinimumVisualStudioVersion = 10.0.40219.1
Project("{FAE04EC0-301F-11D3-BF4B-00C04F79EFBC}") = "KisiKayıtMVC", "KisiKayıtMVC\KisiKayıtMVC.csproj", "{4D6D18E8-357E-439D-89C3-DAB6ADE45A89}"
EndProject
Global
	GlobalSection(SolutionConfigurationPlatforms) = preSolution
		Debug|Any CPU = Debug|Any CPU
		Release|Any CPU = Release|Any CPU
	EndGlobalSection
	GlobalSection(ProjectConfigurationPlatforms) = postSolution
		{4D6D18E8-357E-439D-89C3-DAB6ADE45A89}.Debug|Any CPU.ActiveCfg = Debug|Any CPU
		{4D6D18E8-357E-439D-89C3-DAB6ADE45A89}.Debug|Any CPU.Build.0 = Debug|Any CPU
		{4D6D18E8-357E-439D-89C3-DAB6ADE45A89}.Release|Any CPU.ActiveCfg = Release|Any CPU
		{4D6D18E8-357E-439D-89C3-DAB6ADE45A89}.Release|Any CPU.Build.0 = Release|Any CPU
	EndGlobalSection
	GlobalSection(SolutionProperties) = preSolution
		HideSolutionNode = FALSE
	EndGlobalSection
	GlobalSection(ExtensibilityGlobals) = postSolution
		SolutionGuid = {AFFDDE8C-2246-48DC-A67D-08DDB2767E0F}
	EndGlobalSection
EndGlobal
